{
  "object": {
    "pins": [
      {
        "package": "CombineX",
        "repositoryURL": "https://github.com/cx-org/CombineX.git",
        "state": {
          "branch": "master",
          "revision": "b9afefe14653f02a80a9f5aa546859e99073d0c8",
          "version": null
        }
      },
      {
        "package": "CVulkan",
        "repositoryURL": "https://github.com/UnGast/CVulkan.git",
        "state": {
          "branch": "master",
          "revision": "d7b422f0f5ef93b41bc1199e306ac74e6950eb10",
          "version": null
        }
      },
      {
        "package": "FirebladeECS",
        "repositoryURL": "https://github.com/fireblade-engine/ecs.git",
        "state": {
          "branch": null,
          "revision": "c997e078178113ff20e733942b81dea341c84f3d",
          "version": "0.17.4"
        }
      },
      {
        "package": "Euclid",
        "repositoryURL": "https://github.com/nicklockwood/Euclid.git",
        "state": {
          "branch": null,
          "revision": "eeadb69ea475b22c41c9cfe5e31153ed0200673f",
          "version": "0.3.6"
        }
      },
      {
        "package": "FirebladeIO",
        "repositoryURL": "https://github.com/fireblade-engine/io.git",
        "state": {
          "branch": null,
          "revision": "8ffd6456030f0c13f1c2454e8c518ad52f8e8a64",
          "version": "0.4.0"
        }
      },
      {
        "package": "FirebladeMath",
        "repositoryURL": "https://github.com/fireblade-engine/math.git",
        "state": {
          "branch": null,
          "revision": "b6700cf9ddfe00423f789f88f2c3a79132cb2eba",
          "version": "0.10.0"
        }
      },
      {
        "package": "Path.swift",
        "repositoryURL": "https://github.com/mxcl/Path.swift.git",
        "state": {
          "branch": null,
          "revision": "142d4bc1118602f3679c777d2e0da89c227cd918",
          "version": "1.2.0"
        }
      },
      {
        "package": "Regex",
        "repositoryURL": "https://github.com/sharplet/Regex.git",
        "state": {
          "branch": null,
          "revision": "76c2b73d4281d77fc3118391877efd1bf972f515",
          "version": "2.1.1"
        }
      },
      {
        "package": "FirebladeResource",
        "repositoryURL": "https://github.com/fireblade-engine/resource.git",
        "state": {
          "branch": null,
          "revision": "90e456b18116479721b28c900819f53d9bff66c9",
          "version": "0.2.1"
        }
      },
      {
        "package": "swift-argument-parser",
        "repositoryURL": "https://github.com/apple/swift-argument-parser",
        "state": {
          "branch": null,
          "revision": "831ed5e860a70e745bc1337830af4786b2576881",
          "version": "0.4.1"
        }
      },
      {
        "package": "swift-crypto",
        "repositoryURL": "https://github.com/apple/swift-crypto.git",
        "state": {
          "branch": null,
          "revision": "3bea268b223651c4ab7b7b9ad62ef9b2d4143eb6",
          "version": "1.1.6"
        }
      },
      {
        "package": "GfxMath",
        "repositoryURL": "https://github.com/UnGast/swift-gfx-math.git",
        "state": {
          "branch": "master",
          "revision": "d1ce2eaba72c88e5557f6c18cef1bb05b097b990",
          "version": null
        }
      },
      {
        "package": "swift-log",
        "repositoryURL": "https://github.com/apple/swift-log.git",
        "state": {
          "branch": null,
          "revision": "5d66f7ba25daf4f94100e7022febf3c75e37a6c7",
          "version": "1.4.2"
        }
      },
      {
        "package": "SDL2",
        "repositoryURL": "https://github.com/ctreffs/SwiftSDL2.git",
        "state": {
          "branch": null,
          "revision": "8f41b0102b5f69f38763635bc8118d469ac7193b",
          "version": "1.1.0"
        }
      },
      {
        "package": "SwiftyXMLParser",
        "repositoryURL": "https://github.com/yahoojapan/SwiftyXMLParser.git",
        "state": {
          "branch": "master",
          "revision": "ec7f183642adf429babd867d1a38c5c6912408ba",
          "version": null
        }
      },
      {
        "package": "Swim",
        "repositoryURL": "https://github.com/t-ae/swim.git",
        "state": {
          "branch": "master",
          "revision": "e8e3dc5f6a6f58af40a5c341cb7fbf0d7324dc74",
          "version": null
        }
      },
      {
        "package": "FirebladeTime",
        "repositoryURL": "https://github.com/fireblade-engine/time.git",
        "state": {
          "branch": null,
          "revision": "cf1bd291364f57e7583bbf49e77b7d5f8fb5927e",
          "version": "0.1.1"
        }
      },
      {
        "package": "FirebladeUUID",
        "repositoryURL": "https://github.com/fireblade-engine/uuid.git",
        "state": {
          "branch": null,
          "revision": "52752aed44110a1e6b8b518d22d2b59a8e42d8b3",
          "version": "1.1.0"
        }
      }
    ]
  },
  "version": 1
}
